
Microsoft Visual Studio Solution File, Format Version 12.00
# Visual Studio Version 17
VisualStudioVersion = 17.4.33205.214
MinimumVisualStudioVersion = 10.0.40219.1
Project("{9A19103F-16F7-4668-BE54-9A1E7A4F7556}") = "pseudocodeIde", "pseudocodeIde\pseudocodeIde.csproj", "{603882E3-0193-4A3A-B160-2DDD09954744}"
	ProjectSection(ProjectDependencies) = postProject
		{DCF8B141-F5D1-4447-8193-8BAEA2EBADAE} = {DCF8B141-F5D1-4447-8193-8BAEA2EBADAE}
	EndProjectSection
EndProject
Project("{9A19103F-16F7-4668-BE54-9A1E7A4F7556}") = "pseudocodeIdeUpdater", "pseudocodeIdeUpdater\pseudocodeIdeUpdater.csproj", "{DCF8B141-F5D1-4447-8193-8BAEA2EBADAE}"
EndProject
Global
	GlobalSection(SolutionConfigurationPlatforms) = preSolution
		Debug|Any CPU = Debug|Any CPU
		Debug|x64 = Debug|x64
		Release|Any CPU = Release|Any CPU
		Release|x64 = Release|x64
	EndGlobalSection
	GlobalSection(ProjectConfigurationPlatforms) = postSolution
		{603882E3-0193-4A3A-B160-2DDD09954744}.Debug|Any CPU.ActiveCfg = Debug|Any CPU
		{603882E3-0193-4A3A-B160-2DDD09954744}.Debug|Any CPU.Build.0 = Debug|Any CPU
		{603882E3-0193-4A3A-B160-2DDD09954744}.Debug|x64.ActiveCfg = Debug|x64
		{603882E3-0193-4A3A-B160-2DDD09954744}.Debug|x64.Build.0 = Debug|x64
		{603882E3-0193-4A3A-B160-2DDD09954744}.Release|Any CPU.ActiveCfg = Release|Any CPU
		{603882E3-0193-4A3A-B160-2DDD09954744}.Release|Any CPU.Build.0 = Release|Any CPU
		{603882E3-0193-4A3A-B160-2DDD09954744}.Release|x64.ActiveCfg = Release|x64
		{603882E3-0193-4A3A-B160-2DDD09954744}.Release|x64.Build.0 = Release|x64
		{DCF8B141-F5D1-4447-8193-8BAEA2EBADAE}.Debug|Any CPU.ActiveCfg = Debug|Any CPU
		{DCF8B141-F5D1-4447-8193-8BAEA2EBADAE}.Debug|Any CPU.Build.0 = Debug|Any CPU
		{DCF8B141-F5D1-4447-8193-8BAEA2EBADAE}.Debug|x64.ActiveCfg = Debug|Any CPU
		{DCF8B141-F5D1-4447-8193-8BAEA2EBADAE}.Debug|x64.Build.0 = Debug|Any CPU
		{DCF8B141-F5D1-4447-8193-8BAEA2EBADAE}.Release|Any CPU.ActiveCfg = Release|Any CPU
		{DCF8B141-F5D1-4447-8193-8BAEA2EBADAE}.Release|Any CPU.Build.0 = Release|Any CPU
		{DCF8B141-F5D1-4447-8193-8BAEA2EBADAE}.Release|x64.ActiveCfg = Release|Any CPU
		{DCF8B141-F5D1-4447-8193-8BAEA2EBADAE}.Release|x64.Build.0 = Release|Any CPU
	EndGlobalSection
	GlobalSection(SolutionProperties) = preSolution
		HideSolutionNode = FALSE
	EndGlobalSection
	GlobalSection(ExtensibilityGlobals) = postSolution
		SolutionGuid = {A4778F40-80EF-4370-9D29-656DFF2B8484}
	EndGlobalSection
EndGlobal
